
Microsoft Visual Studio Solution File, Format Version 12.00
# Visual Studio 2013
VisualStudioVersion = 12.0.30723.0
MinimumVisualStudioVersion = 10.0.40219.1
Project("{FAE04EC0-301F-11D3-BF4B-00C04F79EFBC}") = "RodoviariaOnline.Dominio", "RodoviariaOnline.Dominio\RodoviariaOnline.Dominio.csproj", "{7221BE3D-F67F-4C5C-9D37-4EC35C33A1E6}"
EndProject
Project("{FAE04EC0-301F-11D3-BF4B-00C04F79EFBC}") = "RodoviariaOnline.InfraEstrutura", "RodoviariaOnline.InfraEstrutura\RodoviariaOnline.InfraEstrutura.csproj", "{60C61F81-785F-421E-8196-859EA1595796}"
EndProject
Project("{FAE04EC0-301F-11D3-BF4B-00C04F79EFBC}") = "RodoviariaOnline.Testes", "RodoviariaOnline.Testes\RodoviariaOnline.Testes.csproj", "{AF9D3A02-0666-4D5A-B2BD-55760F8D30F9}"
EndProject
Global
	GlobalSection(SolutionConfigurationPlatforms) = preSolution
		Debug|Any CPU = Debug|Any CPU
		Release|Any CPU = Release|Any CPU
	EndGlobalSection
	GlobalSection(ProjectConfigurationPlatforms) = postSolution
		{7221BE3D-F67F-4C5C-9D37-4EC35C33A1E6}.Debug|Any CPU.ActiveCfg = Debug|Any CPU
		{7221BE3D-F67F-4C5C-9D37-4EC35C33A1E6}.Debug|Any CPU.Build.0 = Debug|Any CPU
		{7221BE3D-F67F-4C5C-9D37-4EC35C33A1E6}.Release|Any CPU.ActiveCfg = Release|Any CPU
		{7221BE3D-F67F-4C5C-9D37-4EC35C33A1E6}.Release|Any CPU.Build.0 = Release|Any CPU
		{60C61F81-785F-421E-8196-859EA1595796}.Debug|Any CPU.ActiveCfg = Debug|Any CPU
		{60C61F81-785F-421E-8196-859EA1595796}.Debug|Any CPU.Build.0 = Debug|Any CPU
		{60C61F81-785F-421E-8196-859EA1595796}.Release|Any CPU.ActiveCfg = Release|Any CPU
		{60C61F81-785F-421E-8196-859EA1595796}.Release|Any CPU.Build.0 = Release|Any CPU
		{AF9D3A02-0666-4D5A-B2BD-55760F8D30F9}.Debug|Any CPU.ActiveCfg = Debug|Any CPU
		{AF9D3A02-0666-4D5A-B2BD-55760F8D30F9}.Debug|Any CPU.Build.0 = Debug|Any CPU
		{AF9D3A02-0666-4D5A-B2BD-55760F8D30F9}.Release|Any CPU.ActiveCfg = Release|Any CPU
		{AF9D3A02-0666-4D5A-B2BD-55760F8D30F9}.Release|Any CPU.Build.0 = Release|Any CPU
	EndGlobalSection
	GlobalSection(SolutionProperties) = preSolution
		HideSolutionNode = FALSE
	EndGlobalSection
EndGlobal
